
Microsoft Visual Studio Solution File, Format Version 12.00
# Visual Studio Version 17
VisualStudioVersion = 17.14.36414.22
MinimumVisualStudioVersion = 10.0.40219.1
Project("{FAE04EC0-301F-11D3-BF4B-00C04F79EFBC}") = "WearDropWA", "WearDropWA\WearDropWA.csproj", "{72EB2332-4642-4DD0-A02A-4A984E7F6A16}"
EndProject
Global
	GlobalSection(SolutionConfigurationPlatforms) = preSolution
		Debug|Any CPU = Debug|Any CPU
		Release|Any CPU = Release|Any CPU
	EndGlobalSection
	GlobalSection(ProjectConfigurationPlatforms) = postSolution
		{72EB2332-4642-4DD0-A02A-4A984E7F6A16}.Debug|Any CPU.ActiveCfg = Debug|Any CPU
		{72EB2332-4642-4DD0-A02A-4A984E7F6A16}.Debug|Any CPU.Build.0 = Debug|Any CPU
		{72EB2332-4642-4DD0-A02A-4A984E7F6A16}.Release|Any CPU.ActiveCfg = Release|Any CPU
		{72EB2332-4642-4DD0-A02A-4A984E7F6A16}.Release|Any CPU.Build.0 = Release|Any CPU
	EndGlobalSection
	GlobalSection(SolutionProperties) = preSolution
		HideSolutionNode = FALSE
	EndGlobalSection
	GlobalSection(ExtensibilityGlobals) = postSolution
		SolutionGuid = {0C4093DB-C2B2-4D53-9B25-07F81DB7A729}
	EndGlobalSection
EndGlobal
